<?xml version="1.0" encoding="utf-8"?>
<Project ToolsVersion="4.0" xmlns="http://schemas.microsoft.com/developer/msbuild/2003">
  <ItemGroup>
    <Filter Include="源文件">
      <UniqueIdentifier>{4FC737F1-C7A5-4376-A066-2A32D752A2FF}</UniqueIdentifier>
      <Extensions>cpp;c;cc;cxx;c++;cppm;ixx;def;odl;idl;hpj;bat;asm;asmx</Extensions>
    </Filter>
    <Filter Include="头文件">
      <UniqueIdentifier>{93995380-89BD-4b04-88EB-625FBE52EBFB}</UniqueIdentifier>
      <Extensions>h;hh;hpp;hxx;h++;hm;inl;inc;ipp;xsd</Extensions>
    </Filter>
    <Filter Include="资源文件">
      <UniqueIdentifier>{67DA6AB6-F800-4c08-8B7A-83BB121AAD01}</UniqueIdentifier>
      <Extensions>rc;ico;cur;bmp;dlg;rc2;rct;bin;rgs;gif;jpg;jpeg;jpe;resx;tiff;tif;png;wav;mfcribbon-ms</Extensions>
    </Filter>
    <Filter Include="源文件\src">
      <UniqueIdentifier>{b74e8ca7-c5dc-41d0-9678-47b240ca0e1a}</UniqueIdentifier>
    </Filter>
    <Filter Include="源文件\app">
      <UniqueIdentifier>{9e2e14c2-b979-4732-a922-00a43b1b068e}</UniqueIdentifier>
    </Filter>
  </ItemGroup>
  <ItemGroup>
    <ClInclude Include="..\src\include\myslam\algorithm.h">
      <Filter>头文件</Filter>
    </ClInclude>
    <ClInclude Include="..\src\include\myslam\backend.h">
      <Filter>头文件</Filter>
    </ClInclude>
    <ClInclude Include="..\src\include\myslam\camera.h">
      <Filter>头文件</Filter>
    </ClInclude>
    <ClInclude Include="..\src\include\myslam\common_include.h">
      <Filter>头文件</Filter>
    </ClInclude>
    <ClInclude Include="..\src\include\myslam\config.h">
      <Filter>头文件</Filter>
    </ClInclude>
    <ClInclude Include="..\src\include\myslam\dataset.h">
      <Filter>头文件</Filter>
    </ClInclude>
    <ClInclude Include="..\src\include\myslam\feature.h">
      <Filter>头文件</Filter>
    </ClInclude>
    <ClInclude Include="..\src\include\myslam\frame.h">
      <Filter>头文件</Filter>
    </ClInclude>
    <ClInclude Include="..\src\include\myslam\frontend.h">
      <Filter>头文件</Filter>
    </ClInclude>
    <ClInclude Include="..\src\include\myslam\g2o_types.h">
      <Filter>头文件</Filter>
    </ClInclude>
    <ClInclude Include="..\src\include\myslam\map.h">
      <Filter>头文件</Filter>
    </ClInclude>
    <ClInclude Include="..\src\include\myslam\mappoint.h">
      <Filter>头文件</Filter>
    </ClInclude>
    <ClInclude Include="..\src\include\myslam\viewer.h">
      <Filter>头文件</Filter>
    </ClInclude>
    <ClInclude Include="..\src\include\myslam\visual_odometry.h">
      <Filter>头文件</Filter>
    </ClInclude>
  </ItemGroup>
  <ItemGroup>
    <ClCompile Include="..\src\src\backend.cpp">
      <Filter>源文件\src</Filter>
    </ClCompile>
    <ClCompile Include="..\src\src\camera.cpp">
      <Filter>源文件\src</Filter>
    </ClCompile>
    <ClCompile Include="..\src\src\config.cpp">
      <Filter>源文件\src</Filter>
    </ClCompile>
    <ClCompile Include="..\src\src\dataset.cpp">
      <Filter>源文件\src</Filter>
    </ClCompile>
    <ClCompile Include="..\src\src\feature.cpp">
      <Filter>源文件\src</Filter>
    </ClCompile>
    <ClCompile Include="..\src\src\frame.cpp">
      <Filter>源文件\src</Filter>
    </ClCompile>
    <ClCompile Include="..\src\src\frontend.cpp">
      <Filter>源文件\src</Filter>
    </ClCompile>
    <ClCompile Include="..\src\src\map.cpp">
      <Filter>源文件\src</Filter>
    </ClCompile>
    <ClCompile Include="..\src\src\mappoint.cpp">
      <Filter>源文件\src</Filter>
    </ClCompile>
    <ClCompile Include="..\src\src\viewer.cpp">
      <Filter>源文件\src</Filter>
    </ClCompile>
    <ClCompile Include="..\src\src\visual_odometry.cpp">
      <Filter>源文件\src</Filter>
    </ClCompile>
    <ClCompile Include="..\src\app\run_kitti_stereo.cpp">
      <Filter>源文件\app</Filter>
    </ClCompile>
    <ClCompile Include="..\src\test\test_triangulation.cpp">
      <Filter>源文件\app</Filter>
    </ClCompile>
  </ItemGroup>
</Project>